{
  "name": "nordpool-influxdb-2",
  "version": "1.0.0",
  "lockfileVersion": 2,
  "requires": true,
  "packages": {
    "": {
      "name": "nordpool-influxdb-2",
      "version": "1.0.0",
      "license": "GPL-3.0",
      "dependencies": {
        "influx": "^5.10.0"
      }
    },
    "node_modules/influx": {
      "version": "5.10.0",
      "resolved": "https://registry.npmjs.org/influx/-/influx-5.10.0.tgz",
      "integrity": "sha512-xvO3fFSITZCaH6p/0t8xQ9JNIS0El8McFv65py0YqlOxxyhF3n2oxdDF8wQ3tfHp2H4x+OLsGutgTeu5PozlNA=="
    }
  },
  "dependencies": {
    "influx": {
      "version": "5.10.0",
      "resolved": "https://registry.npmjs.org/influx/-/influx-5.10.0.tgz",
      "integrity": "sha512-xvO3fFSITZCaH6p/0t8xQ9JNIS0El8McFv65py0YqlOxxyhF3n2oxdDF8wQ3tfHp2H4x+OLsGutgTeu5PozlNA=="
    }
  }
}
